
Microsoft Visual Studio Solution File, Format Version 12.00
# Visual Studio Version 16
VisualStudioVersion = 16.0.31019.35
MinimumVisualStudioVersion = 10.0.40219.1
Project("{9A19103F-16F7-4668-BE54-9A1E7A4F7556}") = "Day1_DataTypes", "Day1_DataTypes\Day1_DataTypes.csproj", "{58B52466-54D2-4420-A27A-94A631D4F22C}"
EndProject
Project("{9A19103F-16F7-4668-BE54-9A1E7A4F7556}") = "Day2_Operators", "Day2_Operators\Day2_Operators.csproj", "{5FB5E6DF-38BF-4DD6-BB2F-036D8632B44E}"
EndProject
Project("{9A19103F-16F7-4668-BE54-9A1E7A4F7556}") = "Day3_IntroToConditional", "Day3_IntroToConditional\Day3_IntroToConditional.csproj", "{AFBC10FC-6F69-4C68-B9F0-0AE367B9AC6F}"
EndProject
Project("{9A19103F-16F7-4668-BE54-9A1E7A4F7556}") = "Day4_ClassVsInstance", "Day4_ClassVsInstance\Day4_ClassVsInstance.csproj", "{83EC66CF-597F-44CF-A4AF-69991EAD1238}"
EndProject
Project("{9A19103F-16F7-4668-BE54-9A1E7A4F7556}") = "Day5_Loops", "Day5_Loops\Day5_Loops.csproj", "{FB2DCCB2-E65E-42B1-82DB-26B8520EFEE6}"
EndProject
Project("{9A19103F-16F7-4668-BE54-9A1E7A4F7556}") = "Day6_Review", "Day6_Review\Day6_Review.csproj", "{1AFB21C6-8D92-4A0B-8069-17893136425A}"
EndProject
Project("{9A19103F-16F7-4668-BE54-9A1E7A4F7556}") = "Day7_Arrays", "Day7_Arrays\Day7_Arrays.csproj", "{DDA65B05-37AF-4DA4-B3EF-88F2BFDB95D7}"
EndProject
Project("{9A19103F-16F7-4668-BE54-9A1E7A4F7556}") = "Day8_DictionariesAndMaps", "Day8_DictionariesAndMaps\Day8_DictionariesAndMaps.csproj", "{CD1E8E58-2DE9-4DDB-9945-43C94208FDF4}"
EndProject
Project("{9A19103F-16F7-4668-BE54-9A1E7A4F7556}") = "Day9_Recursion", "Day9_Recursion\Day9_Recursion.csproj", "{CB9959C8-7E05-499B-BD71-9E9753E271E9}"
EndProject
Project("{9A19103F-16F7-4668-BE54-9A1E7A4F7556}") = "Day10_BinaryNumbers", "Day10_BinaryNumbers\Day10_BinaryNumbers.csproj", "{A88607B1-FFD5-4BD0-A5D8-6A35F11EE5A9}"
EndProject
Project("{FAE04EC0-301F-11D3-BF4B-00C04F79EFBC}") = "Day11_2DArrays", "Day11_2DArrays\Day11_2DArrays.csproj", "{F4CEACAE-A033-42FB-8004-192B4647289C}"
EndProject
Global
	GlobalSection(SolutionConfigurationPlatforms) = preSolution
		Debug|Any CPU = Debug|Any CPU
		Release|Any CPU = Release|Any CPU
	EndGlobalSection
	GlobalSection(ProjectConfigurationPlatforms) = postSolution
		{58B52466-54D2-4420-A27A-94A631D4F22C}.Debug|Any CPU.ActiveCfg = Debug|Any CPU
		{58B52466-54D2-4420-A27A-94A631D4F22C}.Debug|Any CPU.Build.0 = Debug|Any CPU
		{58B52466-54D2-4420-A27A-94A631D4F22C}.Release|Any CPU.ActiveCfg = Release|Any CPU
		{58B52466-54D2-4420-A27A-94A631D4F22C}.Release|Any CPU.Build.0 = Release|Any CPU
		{5FB5E6DF-38BF-4DD6-BB2F-036D8632B44E}.Debug|Any CPU.ActiveCfg = Debug|Any CPU
		{5FB5E6DF-38BF-4DD6-BB2F-036D8632B44E}.Debug|Any CPU.Build.0 = Debug|Any CPU
		{5FB5E6DF-38BF-4DD6-BB2F-036D8632B44E}.Release|Any CPU.ActiveCfg = Release|Any CPU
		{5FB5E6DF-38BF-4DD6-BB2F-036D8632B44E}.Release|Any CPU.Build.0 = Release|Any CPU
		{AFBC10FC-6F69-4C68-B9F0-0AE367B9AC6F}.Debug|Any CPU.ActiveCfg = Debug|Any CPU
		{AFBC10FC-6F69-4C68-B9F0-0AE367B9AC6F}.Debug|Any CPU.Build.0 = Debug|Any CPU
		{AFBC10FC-6F69-4C68-B9F0-0AE367B9AC6F}.Release|Any CPU.ActiveCfg = Release|Any CPU
		{AFBC10FC-6F69-4C68-B9F0-0AE367B9AC6F}.Release|Any CPU.Build.0 = Release|Any CPU
		{83EC66CF-597F-44CF-A4AF-69991EAD1238}.Debug|Any CPU.ActiveCfg = Debug|Any CPU
		{83EC66CF-597F-44CF-A4AF-69991EAD1238}.Debug|Any CPU.Build.0 = Debug|Any CPU
		{83EC66CF-597F-44CF-A4AF-69991EAD1238}.Release|Any CPU.ActiveCfg = Release|Any CPU
		{83EC66CF-597F-44CF-A4AF-69991EAD1238}.Release|Any CPU.Build.0 = Release|Any CPU
		{FB2DCCB2-E65E-42B1-82DB-26B8520EFEE6}.Debug|Any CPU.ActiveCfg = Debug|Any CPU
		{FB2DCCB2-E65E-42B1-82DB-26B8520EFEE6}.Debug|Any CPU.Build.0 = Debug|Any CPU
		{FB2DCCB2-E65E-42B1-82DB-26B8520EFEE6}.Release|Any CPU.ActiveCfg = Release|Any CPU
		{FB2DCCB2-E65E-42B1-82DB-26B8520EFEE6}.Release|Any CPU.Build.0 = Release|Any CPU
		{1AFB21C6-8D92-4A0B-8069-17893136425A}.Debug|Any CPU.ActiveCfg = Debug|Any CPU
		{1AFB21C6-8D92-4A0B-8069-17893136425A}.Debug|Any CPU.Build.0 = Debug|Any CPU
		{1AFB21C6-8D92-4A0B-8069-17893136425A}.Release|Any CPU.ActiveCfg = Release|Any CPU
		{1AFB21C6-8D92-4A0B-8069-17893136425A}.Release|Any CPU.Build.0 = Release|Any CPU
		{DDA65B05-37AF-4DA4-B3EF-88F2BFDB95D7}.Debug|Any CPU.ActiveCfg = Debug|Any CPU
		{DDA65B05-37AF-4DA4-B3EF-88F2BFDB95D7}.Debug|Any CPU.Build.0 = Debug|Any CPU
		{DDA65B05-37AF-4DA4-B3EF-88F2BFDB95D7}.Release|Any CPU.ActiveCfg = Release|Any CPU
		{DDA65B05-37AF-4DA4-B3EF-88F2BFDB95D7}.Release|Any CPU.Build.0 = Release|Any CPU
		{CD1E8E58-2DE9-4DDB-9945-43C94208FDF4}.Debug|Any CPU.ActiveCfg = Debug|Any CPU
		{CD1E8E58-2DE9-4DDB-9945-43C94208FDF4}.Debug|Any CPU.Build.0 = Debug|Any CPU
		{CD1E8E58-2DE9-4DDB-9945-43C94208FDF4}.Release|Any CPU.ActiveCfg = Release|Any CPU
		{CD1E8E58-2DE9-4DDB-9945-43C94208FDF4}.Release|Any CPU.Build.0 = Release|Any CPU
		{CB9959C8-7E05-499B-BD71-9E9753E271E9}.Debug|Any CPU.ActiveCfg = Debug|Any CPU
		{CB9959C8-7E05-499B-BD71-9E9753E271E9}.Debug|Any CPU.Build.0 = Debug|Any CPU
		{CB9959C8-7E05-499B-BD71-9E9753E271E9}.Release|Any CPU.ActiveCfg = Release|Any CPU
		{CB9959C8-7E05-499B-BD71-9E9753E271E9}.Release|Any CPU.Build.0 = Release|Any CPU
		{A88607B1-FFD5-4BD0-A5D8-6A35F11EE5A9}.Debug|Any CPU.ActiveCfg = Debug|Any CPU
		{A88607B1-FFD5-4BD0-A5D8-6A35F11EE5A9}.Debug|Any CPU.Build.0 = Debug|Any CPU
		{A88607B1-FFD5-4BD0-A5D8-6A35F11EE5A9}.Release|Any CPU.ActiveCfg = Release|Any CPU
		{A88607B1-FFD5-4BD0-A5D8-6A35F11EE5A9}.Release|Any CPU.Build.0 = Release|Any CPU
		{F4CEACAE-A033-42FB-8004-192B4647289C}.Debug|Any CPU.ActiveCfg = Debug|Any CPU
		{F4CEACAE-A033-42FB-8004-192B4647289C}.Debug|Any CPU.Build.0 = Debug|Any CPU
		{F4CEACAE-A033-42FB-8004-192B4647289C}.Release|Any CPU.ActiveCfg = Release|Any CPU
		{F4CEACAE-A033-42FB-8004-192B4647289C}.Release|Any CPU.Build.0 = Release|Any CPU
	EndGlobalSection
	GlobalSection(SolutionProperties) = preSolution
		HideSolutionNode = FALSE
	EndGlobalSection
	GlobalSection(ExtensibilityGlobals) = postSolution
		SolutionGuid = {A1EA1213-6BCF-446E-AD6F-ABEF49D5490E}
	EndGlobalSection
EndGlobal
