
Microsoft Visual Studio Solution File, Format Version 12.00
# Visual Studio Version 16
VisualStudioVersion = 16.0.31019.35
MinimumVisualStudioVersion = 10.0.40219.1
Project("{FAE04EC0-301F-11D3-BF4B-00C04F79EFBC}") = "HackerRank30DaysOfCode", "HackerRank30DaysOfCode\HackerRank30DaysOfCode.csproj", "{C5C16DCA-0276-4D7D-A326-23661F28303E}"
EndProject
Project("{FAE04EC0-301F-11D3-BF4B-00C04F79EFBC}") = "Day1_DataTypes", "Day1_DataTypes\Day1_DataTypes.csproj", "{58B52466-54D2-4420-A27A-94A631D4F22C}"
EndProject
Global
	GlobalSection(SolutionConfigurationPlatforms) = preSolution
		Debug|Any CPU = Debug|Any CPU
		Release|Any CPU = Release|Any CPU
	EndGlobalSection
	GlobalSection(ProjectConfigurationPlatforms) = postSolution
		{C5C16DCA-0276-4D7D-A326-23661F28303E}.Debug|Any CPU.ActiveCfg = Debug|Any CPU
		{C5C16DCA-0276-4D7D-A326-23661F28303E}.Debug|Any CPU.Build.0 = Debug|Any CPU
		{C5C16DCA-0276-4D7D-A326-23661F28303E}.Release|Any CPU.ActiveCfg = Release|Any CPU
		{C5C16DCA-0276-4D7D-A326-23661F28303E}.Release|Any CPU.Build.0 = Release|Any CPU
		{58B52466-54D2-4420-A27A-94A631D4F22C}.Debug|Any CPU.ActiveCfg = Debug|Any CPU
		{58B52466-54D2-4420-A27A-94A631D4F22C}.Debug|Any CPU.Build.0 = Debug|Any CPU
		{58B52466-54D2-4420-A27A-94A631D4F22C}.Release|Any CPU.ActiveCfg = Release|Any CPU
		{58B52466-54D2-4420-A27A-94A631D4F22C}.Release|Any CPU.Build.0 = Release|Any CPU
	EndGlobalSection
	GlobalSection(SolutionProperties) = preSolution
		HideSolutionNode = FALSE
	EndGlobalSection
	GlobalSection(ExtensibilityGlobals) = postSolution
		SolutionGuid = {A1EA1213-6BCF-446E-AD6F-ABEF49D5490E}
	EndGlobalSection
EndGlobal
